// !$*UTF8*$!
{
	archiveVersion = 1;
	classes = {
	};
	objectVersion = 56;
	objects = {

/* Begin PBXBuildFile section */
		AEF88ECB29594B2A0062E779 /* LandmarkApp.swift in Sources */ = {isa = PBXBuildFile; fileRef = AEF88ECA29594B2A0062E779 /* LandmarkApp.swift */; };
		AEF88ECD29594B2A0062E779 /* ContentView.swift in Sources */ = {isa = PBXBuildFile; fileRef = AEF88ECC29594B2A0062E779 /* ContentView.swift */; };
		AEF88ECF29594B2B0062E779 /* Assets.xcassets in Resources */ = {isa = PBXBuildFile; fileRef = AEF88ECE29594B2B0062E779 /* Assets.xcassets */; };
		AEF88ED229594B2B0062E779 /* Preview Assets.xcassets in Resources */ = {isa = PBXBuildFile; fileRef = AEF88ED129594B2B0062E779 /* Preview Assets.xcassets */; };
		AEF88EDC29594B2B0062E779 /* LandmarkTests.swift in Sources */ = {isa = PBXBuildFile; fileRef = AEF88EDB29594B2B0062E779 /* LandmarkTests.swift */; };
		AEF88EE629594B2B0062E779 /* LandmarkUITests.swift in Sources */ = {isa = PBXBuildFile; fileRef = AEF88EE529594B2B0062E779 /* LandmarkUITests.swift */; };
		AEF88EE829594B2B0062E779 /* LandmarkUITestsLaunchTests.swift in Sources */ = {isa = PBXBuildFile; fileRef = AEF88EE729594B2B0062E779 /* LandmarkUITestsLaunchTests.swift */; };
		AEF88EF529596FFD0062E779 /* CreatingAndCombiningViews in Resources */ = {isa = PBXBuildFile; fileRef = AEF88EF429596FFD0062E779 /* CreatingAndCombiningViews */; };
		AEF88F12295970DE0062E779 /* CircleImage.swift in Sources */ = {isa = PBXBuildFile; fileRef = AEF88F11295970DE0062E779 /* CircleImage.swift */; };
		AEF88F14295972DB0062E779 /* MapView.swift in Sources */ = {isa = PBXBuildFile; fileRef = AEF88F13295972DB0062E779 /* MapView.swift */; };
		AEF88F162959766A0062E779 /* BuildingListsAndNavigation in Resources */ = {isa = PBXBuildFile; fileRef = AEF88F15295976690062E779 /* BuildingListsAndNavigation */; };
		AEF88F182959769E0062E779 /* Landmark.swift in Sources */ = {isa = PBXBuildFile; fileRef = AEF88F172959769E0062E779 /* Landmark.swift */; };
		AEF88F22295983CC0062E779 /* LandmarkRow.swift in Sources */ = {isa = PBXBuildFile; fileRef = AEF88F21295983CC0062E779 /* LandmarkRow.swift */; };
		AEF88F24295984C30062E779 /* ModelData.swift in Sources */ = {isa = PBXBuildFile; fileRef = AEF88F23295984C30062E779 /* ModelData.swift */; };
/* End PBXBuildFile section */

/* Begin PBXContainerItemProxy section */
		AEF88ED829594B2B0062E779 /* PBXContainerItemProxy */ = {
			isa = PBXContainerItemProxy;
			containerPortal = AEF88EBF29594B290062E779 /* Project object */;
			proxyType = 1;
			remoteGlobalIDString = AEF88EC629594B290062E779;
			remoteInfo = Landmark;
		};
		AEF88EE229594B2B0062E779 /* PBXContainerItemProxy */ = {
			isa = PBXContainerItemProxy;
			containerPortal = AEF88EBF29594B290062E779 /* Project object */;
			proxyType = 1;
			remoteGlobalIDString = AEF88EC629594B290062E779;
			remoteInfo = Landmark;
		};
		AEF88F0F295970050062E779 /* PBXContainerItemProxy */ = {
			isa = PBXContainerItemProxy;
			containerPortal = AEF88EFC295970040062E779 /* CreatingAndCombiningViews.xcodeproj */;
			proxyType = 2;
			remoteGlobalIDString = C20D77EA24B665D7002E7AEA;
			remoteInfo = Landmarks;
		};
/* End PBXContainerItemProxy section */

/* Begin PBXFileReference section */
		AEF88EC729594B2A0062E779 /* Landmark.app */ = {isa = PBXFileReference; explicitFileType = wrapper.application; includeInIndex = 0; path = Landmark.app; sourceTree = BUILT_PRODUCTS_DIR; };
		AEF88ECA29594B2A0062E779 /* LandmarkApp.swift */ = {isa = PBXFileReference; lastKnownFileType = sourcecode.swift; path = LandmarkApp.swift; sourceTree = "<group>"; };
		AEF88ECC29594B2A0062E779 /* ContentView.swift */ = {isa = PBXFileReference; lastKnownFileType = sourcecode.swift; path = ContentView.swift; sourceTree = "<group>"; };
		AEF88ECE29594B2B0062E779 /* Assets.xcassets */ = {isa = PBXFileReference; lastKnownFileType = folder.assetcatalog; path = Assets.xcassets; sourceTree = "<group>"; };
		AEF88ED129594B2B0062E779 /* Preview Assets.xcassets */ = {isa = PBXFileReference; lastKnownFileType = folder.assetcatalog; path = "Preview Assets.xcassets"; sourceTree = "<group>"; };
		AEF88ED729594B2B0062E779 /* LandmarkTests.xctest */ = {isa = PBXFileReference; explicitFileType = wrapper.cfbundle; includeInIndex = 0; path = LandmarkTests.xctest; sourceTree = BUILT_PRODUCTS_DIR; };
		AEF88EDB29594B2B0062E779 /* LandmarkTests.swift */ = {isa = PBXFileReference; lastKnownFileType = sourcecode.swift; path = LandmarkTests.swift; sourceTree = "<group>"; };
		AEF88EE129594B2B0062E779 /* LandmarkUITests.xctest */ = {isa = PBXFileReference; explicitFileType = wrapper.cfbundle; includeInIndex = 0; path = LandmarkUITests.xctest; sourceTree = BUILT_PRODUCTS_DIR; };
		AEF88EE529594B2B0062E779 /* LandmarkUITests.swift */ = {isa = PBXFileReference; lastKnownFileType = sourcecode.swift; path = LandmarkUITests.swift; sourceTree = "<group>"; };
		AEF88EE729594B2B0062E779 /* LandmarkUITestsLaunchTests.swift */ = {isa = PBXFileReference; lastKnownFileType = sourcecode.swift; path = LandmarkUITestsLaunchTests.swift; sourceTree = "<group>"; };
		AEF88EF429596FFD0062E779 /* CreatingAndCombiningViews */ = {isa = PBXFileReference; lastKnownFileType = folder; name = CreatingAndCombiningViews; path = ../../../Downloads/CreatingAndCombiningViews; sourceTree = "<group>"; };
		AEF88EF9295970040062E779 /* SampleCode.xcconfig */ = {isa = PBXFileReference; lastKnownFileType = text.xcconfig; path = SampleCode.xcconfig; sourceTree = "<group>"; };
		AEF88EFB295970040062E779 /* LICENSE.txt */ = {isa = PBXFileReference; lastKnownFileType = text; path = LICENSE.txt; sourceTree = "<group>"; };
		AEF88EFC295970040062E779 /* CreatingAndCombiningViews.xcodeproj */ = {isa = PBXFileReference; lastKnownFileType = "wrapper.pb-project"; path = CreatingAndCombiningViews.xcodeproj; sourceTree = "<group>"; };
		AEF88EFF295970050062E779 /* README.md */ = {isa = PBXFileReference; lastKnownFileType = net.daringfireball.markdown; path = README.md; sourceTree = "<group>"; };
		AEF88F01295970050062E779 /* MapView.swift */ = {isa = PBXFileReference; lastKnownFileType = sourcecode.swift; path = MapView.swift; sourceTree = "<group>"; };
		AEF88F02295970050062E779 /* CircleImage.swift */ = {isa = PBXFileReference; lastKnownFileType = sourcecode.swift; path = CircleImage.swift; sourceTree = "<group>"; };
		AEF88F03295970050062E779 /* Assets.xcassets */ = {isa = PBXFileReference; lastKnownFileType = folder.assetcatalog; path = Assets.xcassets; sourceTree = "<group>"; };
		AEF88F05295970050062E779 /* Preview Assets.xcassets */ = {isa = PBXFileReference; lastKnownFileType = folder.assetcatalog; path = "Preview Assets.xcassets"; sourceTree = "<group>"; };
		AEF88F06295970050062E779 /* ContentView.swift */ = {isa = PBXFileReference; lastKnownFileType = sourcecode.swift; path = ContentView.swift; sourceTree = "<group>"; };
		AEF88F07295970050062E779 /* LandmarksApp.swift */ = {isa = PBXFileReference; lastKnownFileType = sourcecode.swift; path = LandmarksApp.swift; sourceTree = "<group>"; };
		AEF88F08295970050062E779 /* Info.plist */ = {isa = PBXFileReference; lastKnownFileType = text.plist.xml; path = Info.plist; sourceTree = "<group>"; };
		AEF88F0B295970050062E779 /* LICENSE.txt */ = {isa = PBXFileReference; lastKnownFileType = text; path = LICENSE.txt; sourceTree = "<group>"; };
		AEF88F0C295970050062E779 /* turtlerock@2x.jpg */ = {isa = PBXFileReference; lastKnownFileType = image.jpeg; path = "turtlerock@2x.jpg"; sourceTree = "<group>"; };
		AEF88F0D295970050062E779 /* ProjectFiles.md */ = {isa = PBXFileReference; lastKnownFileType = net.daringfireball.markdown; path = ProjectFiles.md; sourceTree = "<group>"; };
		AEF88F11295970DE0062E779 /* CircleImage.swift */ = {isa = PBXFileReference; lastKnownFileType = sourcecode.swift; path = CircleImage.swift; sourceTree = "<group>"; };
		AEF88F13295972DB0062E779 /* MapView.swift */ = {isa = PBXFileReference; lastKnownFileType = sourcecode.swift; path = MapView.swift; sourceTree = "<group>"; };
		AEF88F15295976690062E779 /* BuildingListsAndNavigation */ = {isa = PBXFileReference; lastKnownFileType = folder; path = BuildingListsAndNavigation; sourceTree = "<group>"; };
		AEF88F172959769E0062E779 /* Landmark.swift */ = {isa = PBXFileReference; lastKnownFileType = sourcecode.swift; path = Landmark.swift; sourceTree = "<group>"; };
		AEF88F20295983200062E779 /* landmarkData.json */ = {isa = PBXFileReference; lastKnownFileType = text.json; path = landmarkData.json; sourceTree = "<group>"; };
		AEF88F21295983CC0062E779 /* LandmarkRow.swift */ = {isa = PBXFileReference; lastKnownFileType = sourcecode.swift; path = LandmarkRow.swift; sourceTree = "<group>"; };
		AEF88F23295984C30062E779 /* ModelData.swift */ = {isa = PBXFileReference; lastKnownFileType = sourcecode.swift; path = ModelData.swift; sourceTree = "<group>"; };
/* End PBXFileReference section */

/* Begin PBXFrameworksBuildPhase section */
		AEF88EC429594B290062E779 /* Frameworks */ = {
			isa = PBXFrameworksBuildPhase;
			buildActionMask = 2147483647;
			files = (
			);
			runOnlyForDeploymentPostprocessing = 0;
		};
		AEF88ED429594B2B0062E779 /* Frameworks */ = {
			isa = PBXFrameworksBuildPhase;
			buildActionMask = 2147483647;
			files = (
			);
			runOnlyForDeploymentPostprocessing = 0;
		};
		AEF88EDE29594B2B0062E779 /* Frameworks */ = {
			isa = PBXFrameworksBuildPhase;
			buildActionMask = 2147483647;
			files = (
			);
			runOnlyForDeploymentPostprocessing = 0;
		};
/* End PBXFrameworksBuildPhase section */

/* Begin PBXGroup section */
		AEF88EBE29594B290062E779 = {
			isa = PBXGroup;
			children = (
				AEF88F15295976690062E779 /* BuildingListsAndNavigation */,
				AEF88EF6295970040062E779 /* CreatingAndCombiningViews */,
				AEF88EC929594B2A0062E779 /* Landmark */,
				AEF88EDA29594B2B0062E779 /* LandmarkTests */,
				AEF88EE429594B2B0062E779 /* LandmarkUITests */,
				AEF88EC829594B2A0062E779 /* Products */,
			);
			sourceTree = "<group>";
		};
		AEF88EC829594B2A0062E779 /* Products */ = {
			isa = PBXGroup;
			children = (
				AEF88EC729594B2A0062E779 /* Landmark.app */,
				AEF88ED729594B2B0062E779 /* LandmarkTests.xctest */,
				AEF88EE129594B2B0062E779 /* LandmarkUITests.xctest */,
			);
			name = Products;
			sourceTree = "<group>";
		};
		AEF88EC929594B2A0062E779 /* Landmark */ = {
			isa = PBXGroup;
			children = (
				AEF88ECA29594B2A0062E779 /* LandmarkApp.swift */,
				AEF88F1F295982FF0062E779 /* Resources */,
				AEF88F20295983200062E779 /* landmarkData.json */,
				AEF88F1D295982080062E779 /* Views */,
				AEF88F1E2959824E0062E779 /* Model */,
				AEF88ECE29594B2B0062E779 /* Assets.xcassets */,
				AEF88ED029594B2B0062E779 /* Preview Content */,
			);
			path = Landmark;
			sourceTree = "<group>";
		};
		AEF88ED029594B2B0062E779 /* Preview Content */ = {
			isa = PBXGroup;
			children = (
				AEF88ED129594B2B0062E779 /* Preview Assets.xcassets */,
			);
			path = "Preview Content";
			sourceTree = "<group>";
		};
		AEF88EDA29594B2B0062E779 /* LandmarkTests */ = {
			isa = PBXGroup;
			children = (
				AEF88EDB29594B2B0062E779 /* LandmarkTests.swift */,
			);
			path = LandmarkTests;
			sourceTree = "<group>";
		};
		AEF88EE429594B2B0062E779 /* LandmarkUITests */ = {
			isa = PBXGroup;
			children = (
				AEF88EE529594B2B0062E779 /* LandmarkUITests.swift */,
				AEF88EE729594B2B0062E779 /* LandmarkUITestsLaunchTests.swift */,
				AEF88EF429596FFD0062E779 /* CreatingAndCombiningViews */,
			);
			path = LandmarkUITests;
			sourceTree = "<group>";
		};
		AEF88EF6295970040062E779 /* CreatingAndCombiningViews */ = {
			isa = PBXGroup;
			children = (
				AEF88EF7295970040062E779 /* Complete */,
				AEF88F09295970050062E779 /* Resources */,
				AEF88F0D295970050062E779 /* ProjectFiles.md */,
			);
			path = CreatingAndCombiningViews;
			sourceTree = "<group>";
		};
		AEF88EF7295970040062E779 /* Complete */ = {
			isa = PBXGroup;
			children = (
				AEF88EF8295970040062E779 /* Configuration */,
				AEF88EFA295970040062E779 /* LICENSE */,
				AEF88EFC295970040062E779 /* CreatingAndCombiningViews.xcodeproj */,
				AEF88EFF295970050062E779 /* README.md */,
				AEF88F00295970050062E779 /* Landmarks */,
			);
			path = Complete;
			sourceTree = "<group>";
		};
		AEF88EF8295970040062E779 /* Configuration */ = {
			isa = PBXGroup;
			children = (
				AEF88EF9295970040062E779 /* SampleCode.xcconfig */,
			);
			path = Configuration;
			sourceTree = "<group>";
		};
		AEF88EFA295970040062E779 /* LICENSE */ = {
			isa = PBXGroup;
			children = (
				AEF88EFB295970040062E779 /* LICENSE.txt */,
			);
			path = LICENSE;
			sourceTree = "<group>";
		};
		AEF88EFD295970040062E779 /* Products */ = {
			isa = PBXGroup;
			children = (
				AEF88F10295970050062E779 /* Landmarks.app */,
			);
			name = Products;
			sourceTree = "<group>";
		};
		AEF88F00295970050062E779 /* Landmarks */ = {
			isa = PBXGroup;
			children = (
				AEF88F01295970050062E779 /* MapView.swift */,
				AEF88F02295970050062E779 /* CircleImage.swift */,
				AEF88F03295970050062E779 /* Assets.xcassets */,
				AEF88F04295970050062E779 /* Preview Content */,
				AEF88F06295970050062E779 /* ContentView.swift */,
				AEF88F07295970050062E779 /* LandmarksApp.swift */,
				AEF88F08295970050062E779 /* Info.plist */,
			);
			path = Landmarks;
			sourceTree = "<group>";
		};
		AEF88F04295970050062E779 /* Preview Content */ = {
			isa = PBXGroup;
			children = (
				AEF88F05295970050062E779 /* Preview Assets.xcassets */,
			);
			path = "Preview Content";
			sourceTree = "<group>";
		};
		AEF88F09295970050062E779 /* Resources */ = {
			isa = PBXGroup;
			children = (
				AEF88F0A295970050062E779 /* LICENSE */,
				AEF88F0C295970050062E779 /* turtlerock@2x.jpg */,
			);
			path = Resources;
			sourceTree = "<group>";
		};
		AEF88F0A295970050062E779 /* LICENSE */ = {
			isa = PBXGroup;
			children = (
				AEF88F0B295970050062E779 /* LICENSE.txt */,
			);
			path = LICENSE;
			sourceTree = "<group>";
		};
		AEF88F1D295982080062E779 /* Views */ = {
			isa = PBXGroup;
			children = (
				AEF88ECC29594B2A0062E779 /* ContentView.swift */,
				AEF88F21295983CC0062E779 /* LandmarkRow.swift */,
				AEF88F11295970DE0062E779 /* CircleImage.swift */,
				AEF88F13295972DB0062E779 /* MapView.swift */,
			);
			path = Views;
			sourceTree = "<group>";
		};
		AEF88F1E2959824E0062E779 /* Model */ = {
			isa = PBXGroup;
			children = (
				AEF88F172959769E0062E779 /* Landmark.swift */,
				AEF88F23295984C30062E779 /* ModelData.swift */,
			);
			path = Model;
			sourceTree = "<group>";
		};
		AEF88F1F295982FF0062E779 /* Resources */ = {
			isa = PBXGroup;
			children = (
			);
			path = Resources;
			sourceTree = "<group>";
		};
/* End PBXGroup section */

/* Begin PBXNativeTarget section */
		AEF88EC629594B290062E779 /* Landmark */ = {
			isa = PBXNativeTarget;
			buildConfigurationList = AEF88EEB29594B2B0062E779 /* Build configuration list for PBXNativeTarget "Landmark" */;
			buildPhases = (
				AEF88EC329594B290062E779 /* Sources */,
				AEF88EC429594B290062E779 /* Frameworks */,
				AEF88EC529594B290062E779 /* Resources */,
			);
			buildRules = (
			);
			dependencies = (
			);
			name = Landmark;
			productName = Landmark;
			productReference = AEF88EC729594B2A0062E779 /* Landmark.app */;
			productType = "com.apple.product-type.application";
		};
		AEF88ED629594B2B0062E779 /* LandmarkTests */ = {
			isa = PBXNativeTarget;
			buildConfigurationList = AEF88EEE29594B2B0062E779 /* Build configuration list for PBXNativeTarget "LandmarkTests" */;
			buildPhases = (
				AEF88ED329594B2B0062E779 /* Sources */,
				AEF88ED429594B2B0062E779 /* Frameworks */,
				AEF88ED529594B2B0062E779 /* Resources */,
			);
			buildRules = (
			);
			dependencies = (
				AEF88ED929594B2B0062E779 /* PBXTargetDependency */,
			);
			name = LandmarkTests;
			productName = LandmarkTests;
			productReference = AEF88ED729594B2B0062E779 /* LandmarkTests.xctest */;
			productType = "com.apple.product-type.bundle.unit-test";
		};
		AEF88EE029594B2B0062E779 /* LandmarkUITests */ = {
			isa = PBXNativeTarget;
			buildConfigurationList = AEF88EF129594B2B0062E779 /* Build configuration list for PBXNativeTarget "LandmarkUITests" */;
			buildPhases = (
				AEF88EDD29594B2B0062E779 /* Sources */,
				AEF88EDE29594B2B0062E779 /* Frameworks */,
				AEF88EDF29594B2B0062E779 /* Resources */,
			);
			buildRules = (
			);
			dependencies = (
				AEF88EE329594B2B0062E779 /* PBXTargetDependency */,
			);
			name = LandmarkUITests;
			productName = LandmarkUITests;
			productReference = AEF88EE129594B2B0062E779 /* LandmarkUITests.xctest */;
			productType = "com.apple.product-type.bundle.ui-testing";
		};
/* End PBXNativeTarget section */

/* Begin PBXProject section */
		AEF88EBF29594B290062E779 /* Project object */ = {
			isa = PBXProject;
			attributes = {
				BuildIndependentTargetsInParallel = 1;
				LastSwiftUpdateCheck = 1420;
				LastUpgradeCheck = 1420;
				TargetAttributes = {
					AEF88EC629594B290062E779 = {
						CreatedOnToolsVersion = 14.2;
					};
					AEF88ED629594B2B0062E779 = {
						CreatedOnToolsVersion = 14.2;
						TestTargetID = AEF88EC629594B290062E779;
					};
					AEF88EE029594B2B0062E779 = {
						CreatedOnToolsVersion = 14.2;
						TestTargetID = AEF88EC629594B290062E779;
					};
				};
			};
			buildConfigurationList = AEF88EC229594B290062E779 /* Build configuration list for PBXProject "Landmark" */;
			compatibilityVersion = "Xcode 14.0";
			developmentRegion = en;
			hasScannedForEncodings = 0;
			knownRegions = (
				en,
				Base,
			);
			mainGroup = AEF88EBE29594B290062E779;
			productRefGroup = AEF88EC829594B2A0062E779 /* Products */;
			projectDirPath = "";
			projectReferences = (
				{
					ProductGroup = AEF88EFD295970040062E779 /* Products */;
					ProjectRef = AEF88EFC295970040062E779 /* CreatingAndCombiningViews.xcodeproj */;
				},
			);
			projectRoot = "";
			targets = (
				AEF88EC629594B290062E779 /* Landmark */,
				AEF88ED629594B2B0062E779 /* LandmarkTests */,
				AEF88EE029594B2B0062E779 /* LandmarkUITests */,
			);
		};
/* End PBXProject section */

/* Begin PBXReferenceProxy section */
		AEF88F10295970050062E779 /* Landmarks.app */ = {
			isa = PBXReferenceProxy;
			fileType = wrapper.application;
			path = Landmarks.app;
			remoteRef = AEF88F0F295970050062E779 /* PBXContainerItemProxy */;
			sourceTree = BUILT_PRODUCTS_DIR;
		};
/* End PBXReferenceProxy section */

/* Begin PBXResourcesBuildPhase section */
		AEF88EC529594B290062E779 /* Resources */ = {
			isa = PBXResourcesBuildPhase;
			buildActionMask = 2147483647;
			files = (
				AEF88ED229594B2B0062E779 /* Preview Assets.xcassets in Resources */,
				AEF88F162959766A0062E779 /* BuildingListsAndNavigation in Resources */,
				AEF88ECF29594B2B0062E779 /* Assets.xcassets in Resources */,
			);
			runOnlyForDeploymentPostprocessing = 0;
		};
		AEF88ED529594B2B0062E779 /* Resources */ = {
			isa = PBXResourcesBuildPhase;
			buildActionMask = 2147483647;
			files = (
			);
			runOnlyForDeploymentPostprocessing = 0;
		};
		AEF88EDF29594B2B0062E779 /* Resources */ = {
			isa = PBXResourcesBuildPhase;
			buildActionMask = 2147483647;
			files = (
				AEF88EF529596FFD0062E779 /* CreatingAndCombiningViews in Resources */,
			);
			runOnlyForDeploymentPostprocessing = 0;
		};
/* End PBXResourcesBuildPhase section */

/* Begin PBXSourcesBuildPhase section */
		AEF88EC329594B290062E779 /* Sources */ = {
			isa = PBXSourcesBuildPhase;
			buildActionMask = 2147483647;
			files = (
				AEF88ECD29594B2A0062E779 /* ContentView.swift in Sources */,
				AEF88F14295972DB0062E779 /* MapView.swift in Sources */,
				AEF88ECB29594B2A0062E779 /* LandmarkApp.swift in Sources */,
				AEF88F12295970DE0062E779 /* CircleImage.swift in Sources */,
				AEF88F22295983CC0062E779 /* LandmarkRow.swift in Sources */,
				AEF88F182959769E0062E779 /* Landmark.swift in Sources */,
				AEF88F24295984C30062E779 /* ModelData.swift in Sources */,
			);
			runOnlyForDeploymentPostprocessing = 0;
		};
		AEF88ED329594B2B0062E779 /* Sources */ = {
			isa = PBXSourcesBuildPhase;
			buildActionMask = 2147483647;
			files = (
				AEF88EDC29594B2B0062E779 /* LandmarkTests.swift in Sources */,
			);
			runOnlyForDeploymentPostprocessing = 0;
		};
		AEF88EDD29594B2B0062E779 /* Sources */ = {
			isa = PBXSourcesBuildPhase;
			buildActionMask = 2147483647;
			files = (
				AEF88EE829594B2B0062E779 /* LandmarkUITestsLaunchTests.swift in Sources */,
				AEF88EE629594B2B0062E779 /* LandmarkUITests.swift in Sources */,
			);
			runOnlyForDeploymentPostprocessing = 0;
		};
/* End PBXSourcesBuildPhase section */

/* Begin PBXTargetDependency section */
		AEF88ED929594B2B0062E779 /* PBXTargetDependency */ = {
			isa = PBXTargetDependency;
			target = AEF88EC629594B290062E779 /* Landmark */;
			targetProxy = AEF88ED829594B2B0062E779 /* PBXContainerItemProxy */;
		};
		AEF88EE329594B2B0062E779 /* PBXTargetDependency */ = {
			isa = PBXTargetDependency;
			target = AEF88EC629594B290062E779 /* Landmark */;
			targetProxy = AEF88EE229594B2B0062E779 /* PBXContainerItemProxy */;
		};
/* End PBXTargetDependency section */

/* Begin XCBuildConfiguration section */
		AEF88EE929594B2B0062E779 /* Debug */ = {
			isa = XCBuildConfiguration;
			buildSettings = {
				ALWAYS_SEARCH_USER_PATHS = NO;
				CLANG_ANALYZER_NONNULL = YES;
				CLANG_ANALYZER_NUMBER_OBJECT_CONVERSION = YES_AGGRESSIVE;
				CLANG_CXX_LANGUAGE_STANDARD = "gnu++20";
				CLANG_ENABLE_MODULES = YES;
				CLANG_ENABLE_OBJC_ARC = YES;
				CLANG_ENABLE_OBJC_WEAK = YES;
				CLANG_WARN_BLOCK_CAPTURE_AUTORELEASING = YES;
				CLANG_WARN_BOOL_CONVERSION = YES;
				CLANG_WARN_COMMA = YES;
				CLANG_WARN_CONSTANT_CONVERSION = YES;
				CLANG_WARN_DEPRECATED_OBJC_IMPLEMENTATIONS = YES;
				CLANG_WARN_DIRECT_OBJC_ISA_USAGE = YES_ERROR;
				CLANG_WARN_DOCUMENTATION_COMMENTS = YES;
				CLANG_WARN_EMPTY_BODY = YES;
				CLANG_WARN_ENUM_CONVERSION = YES;
				CLANG_WARN_INFINITE_RECURSION = YES;
				CLANG_WARN_INT_CONVERSION = YES;
				CLANG_WARN_NON_LITERAL_NULL_CONVERSION = YES;
				CLANG_WARN_OBJC_IMPLICIT_RETAIN_SELF = YES;
				CLANG_WARN_OBJC_LITERAL_CONVERSION = YES;
				CLANG_WARN_OBJC_ROOT_CLASS = YES_ERROR;
				CLANG_WARN_QUOTED_INCLUDE_IN_FRAMEWORK_HEADER = YES;
				CLANG_WARN_RANGE_LOOP_ANALYSIS = YES;
				CLANG_WARN_STRICT_PROTOTYPES = YES;
				CLANG_WARN_SUSPICIOUS_MOVE = YES;
				CLANG_WARN_UNGUARDED_AVAILABILITY = YES_AGGRESSIVE;
				CLANG_WARN_UNREACHABLE_CODE = YES;
				CLANG_WARN__DUPLICATE_METHOD_MATCH = YES;
				COPY_PHASE_STRIP = NO;
				DEBUG_INFORMATION_FORMAT = dwarf;
				ENABLE_STRICT_OBJC_MSGSEND = YES;
				ENABLE_TESTABILITY = YES;
				GCC_C_LANGUAGE_STANDARD = gnu11;
				GCC_DYNAMIC_NO_PIC = NO;
				GCC_NO_COMMON_BLOCKS = YES;
				GCC_OPTIMIZATION_LEVEL = 0;
				GCC_PREPROCESSOR_DEFINITIONS = (
					"DEBUG=1",
					"$(inherited)",
				);
				GCC_WARN_64_TO_32_BIT_CONVERSION = YES;
				GCC_WARN_ABOUT_RETURN_TYPE = YES_ERROR;
				GCC_WARN_UNDECLARED_SELECTOR = YES;
				GCC_WARN_UNINITIALIZED_AUTOS = YES_AGGRESSIVE;
				GCC_WARN_UNUSED_FUNCTION = YES;
				GCC_WARN_UNUSED_VARIABLE = YES;
				IPHONEOS_DEPLOYMENT_TARGET = 16.2;
				MTL_ENABLE_DEBUG_INFO = INCLUDE_SOURCE;
				MTL_FAST_MATH = YES;
				ONLY_ACTIVE_ARCH = YES;
				SDKROOT = iphoneos;
				SWIFT_ACTIVE_COMPILATION_CONDITIONS = DEBUG;
				SWIFT_OPTIMIZATION_LEVEL = "-Onone";
			};
			name = Debug;
		};
		AEF88EEA29594B2B0062E779 /* Release */ = {
			isa = XCBuildConfiguration;
			buildSettings = {
				ALWAYS_SEARCH_USER_PATHS = NO;
				CLANG_ANALYZER_NONNULL = YES;
				CLANG_ANALYZER_NUMBER_OBJECT_CONVERSION = YES_AGGRESSIVE;
				CLANG_CXX_LANGUAGE_STANDARD = "gnu++20";
				CLANG_ENABLE_MODULES = YES;
				CLANG_ENABLE_OBJC_ARC = YES;
				CLANG_ENABLE_OBJC_WEAK = YES;
				CLANG_WARN_BLOCK_CAPTURE_AUTORELEASING = YES;
				CLANG_WARN_BOOL_CONVERSION = YES;
				CLANG_WARN_COMMA = YES;
				CLANG_WARN_CONSTANT_CONVERSION = YES;
				CLANG_WARN_DEPRECATED_OBJC_IMPLEMENTATIONS = YES;
				CLANG_WARN_DIRECT_OBJC_ISA_USAGE = YES_ERROR;
				CLANG_WARN_DOCUMENTATION_COMMENTS = YES;
				CLANG_WARN_EMPTY_BODY = YES;
				CLANG_WARN_ENUM_CONVERSION = YES;
				CLANG_WARN_INFINITE_RECURSION = YES;
				CLANG_WARN_INT_CONVERSION = YES;
				CLANG_WARN_NON_LITERAL_NULL_CONVERSION = YES;
				CLANG_WARN_OBJC_IMPLICIT_RETAIN_SELF = YES;
				CLANG_WARN_OBJC_LITERAL_CONVERSION = YES;
				CLANG_WARN_OBJC_ROOT_CLASS = YES_ERROR;
				CLANG_WARN_QUOTED_INCLUDE_IN_FRAMEWORK_HEADER = YES;
				CLANG_WARN_RANGE_LOOP_ANALYSIS = YES;
				CLANG_WARN_STRICT_PROTOTYPES = YES;
				CLANG_WARN_SUSPICIOUS_MOVE = YES;
				CLANG_WARN_UNGUARDED_AVAILABILITY = YES_AGGRESSIVE;
				CLANG_WARN_UNREACHABLE_CODE = YES;
				CLANG_WARN__DUPLICATE_METHOD_MATCH = YES;
				COPY_PHASE_STRIP = NO;
				DEBUG_INFORMATION_FORMAT = "dwarf-with-dsym";
				ENABLE_NS_ASSERTIONS = NO;
				ENABLE_STRICT_OBJC_MSGSEND = YES;
				GCC_C_LANGUAGE_STANDARD = gnu11;
				GCC_NO_COMMON_BLOCKS = YES;
				GCC_WARN_64_TO_32_BIT_CONVERSION = YES;
				GCC_WARN_ABOUT_RETURN_TYPE = YES_ERROR;
				GCC_WARN_UNDECLARED_SELECTOR = YES;
				GCC_WARN_UNINITIALIZED_AUTOS = YES_AGGRESSIVE;
				GCC_WARN_UNUSED_FUNCTION = YES;
				GCC_WARN_UNUSED_VARIABLE = YES;
				IPHONEOS_DEPLOYMENT_TARGET = 16.2;
				MTL_ENABLE_DEBUG_INFO = NO;
				MTL_FAST_MATH = YES;
				SDKROOT = iphoneos;
				SWIFT_COMPILATION_MODE = wholemodule;
				SWIFT_OPTIMIZATION_LEVEL = "-O";
				VALIDATE_PRODUCT = YES;
			};
			name = Release;
		};
		AEF88EEC29594B2B0062E779 /* Debug */ = {
			isa = XCBuildConfiguration;
			buildSettings = {
				ASSETCATALOG_COMPILER_APPICON_NAME = AppIcon;
				ASSETCATALOG_COMPILER_GLOBAL_ACCENT_COLOR_NAME = AccentColor;
				CODE_SIGN_STYLE = Automatic;
				CURRENT_PROJECT_VERSION = 1;
				DEVELOPMENT_ASSET_PATHS = "\"Landmark/Preview Content\"";
				DEVELOPMENT_TEAM = YBW3V2VWS7;
				ENABLE_PREVIEWS = YES;
				GENERATE_INFOPLIST_FILE = YES;
				INFOPLIST_KEY_UIApplicationSceneManifest_Generation = YES;
				INFOPLIST_KEY_UIApplicationSupportsIndirectInputEvents = YES;
				INFOPLIST_KEY_UILaunchScreen_Generation = YES;
				INFOPLIST_KEY_UISupportedInterfaceOrientations_iPad = "UIInterfaceOrientationPortrait UIInterfaceOrientationPortraitUpsideDown UIInterfaceOrientationLandscapeLeft UIInterfaceOrientationLandscapeRight";
				INFOPLIST_KEY_UISupportedInterfaceOrientations_iPhone = "UIInterfaceOrientationPortrait UIInterfaceOrientationLandscapeLeft UIInterfaceOrientationLandscapeRight";
				LD_RUNPATH_SEARCH_PATHS = (
					"$(inherited)",
					"@executable_path/Frameworks",
				);
				MARKETING_VERSION = 1.0;
				PRODUCT_BUNDLE_IDENTIFIER = syadool.Landmark;
				PRODUCT_NAME = "$(TARGET_NAME)";
				SWIFT_EMIT_LOC_STRINGS = YES;
				SWIFT_VERSION = 5.0;
				TARGETED_DEVICE_FAMILY = "1,2";
			};
			name = Debug;
		};
		AEF88EED29594B2B0062E779 /* Release */ = {
			isa = XCBuildConfiguration;
			buildSettings = {
				ASSETCATALOG_COMPILER_APPICON_NAME = AppIcon;
				ASSETCATALOG_COMPILER_GLOBAL_ACCENT_COLOR_NAME = AccentColor;
				CODE_SIGN_STYLE = Automatic;
				CURRENT_PROJECT_VERSION = 1;
				DEVELOPMENT_ASSET_PATHS = "\"Landmark/Preview Content\"";
				DEVELOPMENT_TEAM = YBW3V2VWS7;
				ENABLE_PREVIEWS = YES;
				GENERATE_INFOPLIST_FILE = YES;
				INFOPLIST_KEY_UIApplicationSceneManifest_Generation = YES;
				INFOPLIST_KEY_UIApplicationSupportsIndirectInputEvents = YES;
				INFOPLIST_KEY_UILaunchScreen_Generation = YES;
				INFOPLIST_KEY_UISupportedInterfaceOrientations_iPad = "UIInterfaceOrientationPortrait UIInterfaceOrientationPortraitUpsideDown UIInterfaceOrientationLandscapeLeft UIInterfaceOrientationLandscapeRight";
				INFOPLIST_KEY_UISupportedInterfaceOrientations_iPhone = "UIInterfaceOrientationPortrait UIInterfaceOrientationLandscapeLeft UIInterfaceOrientationLandscapeRight";
				LD_RUNPATH_SEARCH_PATHS = (
					"$(inherited)",
					"@executable_path/Frameworks",
				);
				MARKETING_VERSION = 1.0;
				PRODUCT_BUNDLE_IDENTIFIER = syadool.Landmark;
				PRODUCT_NAME = "$(TARGET_NAME)";
				SWIFT_EMIT_LOC_STRINGS = YES;
				SWIFT_VERSION = 5.0;
				TARGETED_DEVICE_FAMILY = "1,2";
			};
			name = Release;
		};
		AEF88EEF29594B2B0062E779 /* Debug */ = {
			isa = XCBuildConfiguration;
			buildSettings = {
				ALWAYS_EMBED_SWIFT_STANDARD_LIBRARIES = YES;
				BUNDLE_LOADER = "$(TEST_HOST)";
				CODE_SIGN_STYLE = Automatic;
				CURRENT_PROJECT_VERSION = 1;
				DEVELOPMENT_TEAM = YBW3V2VWS7;
				GENERATE_INFOPLIST_FILE = YES;
				IPHONEOS_DEPLOYMENT_TARGET = 16.2;
				MARKETING_VERSION = 1.0;
				PRODUCT_BUNDLE_IDENTIFIER = syadool.LandmarkTests;
				PRODUCT_NAME = "$(TARGET_NAME)";
				SWIFT_EMIT_LOC_STRINGS = NO;
				SWIFT_VERSION = 5.0;
				TARGETED_DEVICE_FAMILY = "1,2";
				TEST_HOST = "$(BUILT_PRODUCTS_DIR)/Landmark.app/$(BUNDLE_EXECUTABLE_FOLDER_PATH)/Landmark";
			};
			name = Debug;
		};
		AEF88EF029594B2B0062E779 /* Release */ = {
			isa = XCBuildConfiguration;
			buildSettings = {
				ALWAYS_EMBED_SWIFT_STANDARD_LIBRARIES = YES;
				BUNDLE_LOADER = "$(TEST_HOST)";
				CODE_SIGN_STYLE = Automatic;
				CURRENT_PROJECT_VERSION = 1;
				DEVELOPMENT_TEAM = YBW3V2VWS7;
				GENERATE_INFOPLIST_FILE = YES;
				IPHONEOS_DEPLOYMENT_TARGET = 16.2;
				MARKETING_VERSION = 1.0;
				PRODUCT_BUNDLE_IDENTIFIER = syadool.LandmarkTests;
				PRODUCT_NAME = "$(TARGET_NAME)";
				SWIFT_EMIT_LOC_STRINGS = NO;
				SWIFT_VERSION = 5.0;
				TARGETED_DEVICE_FAMILY = "1,2";
				TEST_HOST = "$(BUILT_PRODUCTS_DIR)/Landmark.app/$(BUNDLE_EXECUTABLE_FOLDER_PATH)/Landmark";
			};
			name = Release;
		};
		AEF88EF229594B2B0062E779 /* Debug */ = {
			isa = XCBuildConfiguration;
			buildSettings = {
				ALWAYS_EMBED_SWIFT_STANDARD_LIBRARIES = YES;
				CODE_SIGN_STYLE = Automatic;
				CURRENT_PROJECT_VERSION = 1;
				DEVELOPMENT_TEAM = YBW3V2VWS7;
				GENERATE_INFOPLIST_FILE = YES;
				MARKETING_VERSION = 1.0;
				PRODUCT_BUNDLE_IDENTIFIER = syadool.LandmarkUITests;
				PRODUCT_NAME = "$(TARGET_NAME)";
				SWIFT_EMIT_LOC_STRINGS = NO;
				SWIFT_VERSION = 5.0;
				TARGETED_DEVICE_FAMILY = "1,2";
				TEST_TARGET_NAME = Landmark;
			};
			name = Debug;
		};
		AEF88EF329594B2B0062E779 /* Release */ = {
			isa = XCBuildConfiguration;
			buildSettings = {
				ALWAYS_EMBED_SWIFT_STANDARD_LIBRARIES = YES;
				CODE_SIGN_STYLE = Automatic;
				CURRENT_PROJECT_VERSION = 1;
				DEVELOPMENT_TEAM = YBW3V2VWS7;
				GENERATE_INFOPLIST_FILE = YES;
				MARKETING_VERSION = 1.0;
				PRODUCT_BUNDLE_IDENTIFIER = syadool.LandmarkUITests;
				PRODUCT_NAME = "$(TARGET_NAME)";
				SWIFT_EMIT_LOC_STRINGS = NO;
				SWIFT_VERSION = 5.0;
				TARGETED_DEVICE_FAMILY = "1,2";
				TEST_TARGET_NAME = Landmark;
			};
			name = Release;
		};
/* End XCBuildConfiguration section */

/* Begin XCConfigurationList section */
		AEF88EC229594B290062E779 /* Build configuration list for PBXProject "Landmark" */ = {
			isa = XCConfigurationList;
			buildConfigurations = (
				AEF88EE929594B2B0062E779 /* Debug */,
				AEF88EEA29594B2B0062E779 /* Release */,
			);
			defaultConfigurationIsVisible = 0;
			defaultConfigurationName = Release;
		};
		AEF88EEB29594B2B0062E779 /* Build configuration list for PBXNativeTarget "Landmark" */ = {
			isa = XCConfigurationList;
			buildConfigurations = (
				AEF88EEC29594B2B0062E779 /* Debug */,
				AEF88EED29594B2B0062E779 /* Release */,
			);
			defaultConfigurationIsVisible = 0;
			defaultConfigurationName = Release;
		};
		AEF88EEE29594B2B0062E779 /* Build configuration list for PBXNativeTarget "LandmarkTests" */ = {
			isa = XCConfigurationList;
			buildConfigurations = (
				AEF88EEF29594B2B0062E779 /* Debug */,
				AEF88EF029594B2B0062E779 /* Release */,
			);
			defaultConfigurationIsVisible = 0;
			defaultConfigurationName = Release;
		};
		AEF88EF129594B2B0062E779 /* Build configuration list for PBXNativeTarget "LandmarkUITests" */ = {
			isa = XCConfigurationList;
			buildConfigurations = (
				AEF88EF229594B2B0062E779 /* Debug */,
				AEF88EF329594B2B0062E779 /* Release */,
			);
			defaultConfigurationIsVisible = 0;
			defaultConfigurationName = Release;
		};
/* End XCConfigurationList section */
	};
	rootObject = AEF88EBF29594B290062E779 /* Project object */;
}
